[root]
name = "steven_blocks"
version = "0.0.1"
dependencies = [
 "cgmath 0.12.0 (registry+https://github.com/rust-lang/crates.io-index)",
 "collision 0.9.0 (registry+https://github.com/rust-lang/crates.io-index)",
 "lazy_static 0.2.4 (registry+https://github.com/rust-lang/crates.io-index)",
 "steven_shared 0.0.1",
]

[[package]]
name = "approx"
version = "0.1.1"
source = "registry+https://github.com/rust-lang/crates.io-index"

[[package]]
name = "cgmath"
version = "0.12.0"
source = "registry+https://github.com/rust-lang/crates.io-index"
dependencies = [
 "approx 0.1.1 (registry+https://github.com/rust-lang/crates.io-index)",
 "num-traits 0.1.37 (registry+https://github.com/rust-lang/crates.io-index)",
 "rand 0.3.14 (registry+https://github.com/rust-lang/crates.io-index)",
 "rustc-serialize 0.3.18 (registry+https://github.com/rust-lang/crates.io-index)",
]

[[package]]
name = "collision"
version = "0.9.0"
source = "registry+https://github.com/rust-lang/crates.io-index"
dependencies = [
 "approx 0.1.1 (registry+https://github.com/rust-lang/crates.io-index)",
 "cgmath 0.12.0 (registry+https://github.com/rust-lang/crates.io-index)",
 "num 0.1.31 (registry+https://github.com/rust-lang/crates.io-index)",
 "rustc-serialize 0.3.18 (registry+https://github.com/rust-lang/crates.io-index)",
]

[[package]]
name = "lazy_static"
version = "0.2.4"
source = "registry+https://github.com/rust-lang/crates.io-index"

[[package]]
name = "libc"
version = "0.2.9"
source = "registry+https://github.com/rust-lang/crates.io-index"

[[package]]
name = "num"
version = "0.1.31"
source = "registry+https://github.com/rust-lang/crates.io-index"
dependencies = [
 "rand 0.3.14 (registry+https://github.com/rust-lang/crates.io-index)",
 "rustc-serialize 0.3.18 (registry+https://github.com/rust-lang/crates.io-index)",
]

[[package]]
name = "num-traits"
version = "0.1.37"
source = "registry+https://github.com/rust-lang/crates.io-index"

[[package]]
name = "rand"
version = "0.3.14"
source = "registry+https://github.com/rust-lang/crates.io-index"
dependencies = [
 "libc 0.2.9 (registry+https://github.com/rust-lang/crates.io-index)",
]

[[package]]
name = "rustc-serialize"
version = "0.3.18"
source = "registry+https://github.com/rust-lang/crates.io-index"

[[package]]
name = "steven_shared"
version = "0.0.1"

[metadata]
"checksum approx 0.1.1 (registry+https://github.com/rust-lang/crates.io-index)" = "08abcc3b4e9339e33a3d0a5ed15d84a687350c05689d825e0f6655eef9e76a94"
"checksum cgmath 0.12.0 (registry+https://github.com/rust-lang/crates.io-index)" = "232472604dbad61c384edfc4d833315d487894826856836b7227b37fe3abe02b"
"checksum collision 0.9.0 (registry+https://github.com/rust-lang/crates.io-index)" = "924fbee2177a15d7a24970e4e7acd988f94f00ca2e98657732e190ab01c94aef"
"checksum lazy_static 0.2.4 (registry+https://github.com/rust-lang/crates.io-index)" = "7291b1dd97d331f752620b02dfdbc231df7fc01bf282a00769e1cdb963c460dc"
"checksum libc 0.2.9 (registry+https://github.com/rust-lang/crates.io-index)" = "95ca44454e7cfe7f8a2095a41a10c79d96a177c0b1672cbf1a30d901a9c16ee5"
"checksum num 0.1.31 (registry+https://github.com/rust-lang/crates.io-index)" = "be45b3e341522564415a07118d7cf44896d0919e7a1bb21d59ad82af48256324"
"checksum num-traits 0.1.37 (registry+https://github.com/rust-lang/crates.io-index)" = "e1cbfa3781f3fe73dc05321bed52a06d2d491eaa764c52335cf4399f046ece99"
"checksum rand 0.3.14 (registry+https://github.com/rust-lang/crates.io-index)" = "2791d88c6defac799c3f20d74f094ca33b9332612d9aef9078519c82e4fe04a5"
"checksum rustc-serialize 0.3.18 (registry+https://github.com/rust-lang/crates.io-index)" = "9cf81518cd579f8a9c58c0a71328bdb9be15c754181261da82583092dc8a7ff0"
