[root]
name = "steven_gl"
version = "0.0.1"
dependencies = [
 "gl_generator 0.4.2 (registry+https://github.com/rust-lang/crates.io-index)",
 "khronos_api 1.0.0 (registry+https://github.com/rust-lang/crates.io-index)",
 "libc 0.2.8 (registry+https://github.com/rust-lang/crates.io-index)",
]

[[package]]
name = "bitflags"
version = "0.3.3"
source = "registry+https://github.com/rust-lang/crates.io-index"

[[package]]
name = "gl_generator"
version = "0.4.2"
source = "registry+https://github.com/rust-lang/crates.io-index"
dependencies = [
 "khronos_api 1.0.0 (registry+https://github.com/rust-lang/crates.io-index)",
 "log 0.3.5 (registry+https://github.com/rust-lang/crates.io-index)",
 "xml-rs 0.2.2 (registry+https://github.com/rust-lang/crates.io-index)",
]

[[package]]
name = "khronos_api"
version = "1.0.0"
source = "registry+https://github.com/rust-lang/crates.io-index"

[[package]]
name = "libc"
version = "0.2.8"
source = "registry+https://github.com/rust-lang/crates.io-index"

[[package]]
name = "log"
version = "0.3.5"
source = "registry+https://github.com/rust-lang/crates.io-index"
dependencies = [
 "libc 0.2.8 (registry+https://github.com/rust-lang/crates.io-index)",
]

[[package]]
name = "xml-rs"
version = "0.2.2"
source = "registry+https://github.com/rust-lang/crates.io-index"
dependencies = [
 "bitflags 0.3.3 (registry+https://github.com/rust-lang/crates.io-index)",
]

[metadata]
"checksum bitflags 0.3.3 (registry+https://github.com/rust-lang/crates.io-index)" = "32866f4d103c4e438b1db1158aa1b1a80ee078e5d77a59a2f906fd62a577389c"
"checksum gl_generator 0.4.2 (registry+https://github.com/rust-lang/crates.io-index)" = "37905b2d6c7ade3f675d4b03cc038709c7868b938c5950f05a4a03f299b21011"
"checksum khronos_api 1.0.0 (registry+https://github.com/rust-lang/crates.io-index)" = "09c9d3760673c427d46f91a0350f0a84a52e6bc5a84adf26dc610b6c52436630"
"checksum libc 0.2.8 (registry+https://github.com/rust-lang/crates.io-index)" = "52f45f4d4d75de96cf7f8b0e37b6a8e2f96619749b80bd79aa9f5a3100d63208"
"checksum log 0.3.5 (registry+https://github.com/rust-lang/crates.io-index)" = "038b5d13189a14e5b6ac384fdb7c691a45ef0885f6d2dddbf422e6c3506b8234"
"checksum xml-rs 0.2.2 (registry+https://github.com/rust-lang/crates.io-index)" = "0d7c34f934fa02d71d33e03f2eceecd0adfe881d9acddbbd908318e12d449ebf"
